// !$*UTF8*$!
{
	archiveVersion = 1;
	classes = {
	};
	objectVersion = 52;
	objects = {

/* Begin PBXBuildFile section */
		771011AA24BBBECE00DC4215 /* WeekStackView.swift in Sources */ = {isa = PBXBuildFile; fileRef = 771011A924BBBECE00DC4215 /* WeekStackView.swift */; };
		771011AC24BBC84E00DC4215 /* WeeklyMatches.swift in Sources */ = {isa = PBXBuildFile; fileRef = 771011AB24BBC84E00DC4215 /* WeeklyMatches.swift */; };
		771011AE24BBD6FF00DC4215 /* RoundRobinMatch.swift in Sources */ = {isa = PBXBuildFile; fileRef = 771011AD24BBD6FF00DC4215 /* RoundRobinMatch.swift */; };
		7718BD6E2322CC710004777C /* FeedCell.swift in Sources */ = {isa = PBXBuildFile; fileRef = 7718BD6D2322CC710004777C /* FeedCell.swift */; };
		7718BD702322D4EC0004777C /* MatchCell.swift in Sources */ = {isa = PBXBuildFile; fileRef = 7718BD6F2322D4EC0004777C /* MatchCell.swift */; };
		7718BD722323019E0004777C /* RecentMatchesCell.swift in Sources */ = {isa = PBXBuildFile; fileRef = 7718BD712323019E0004777C /* RecentMatchesCell.swift */; };
		7718BD74232332600004777C /* Match.swift in Sources */ = {isa = PBXBuildFile; fileRef = 7718BD73232332600004777C /* Match.swift */; };
		7718BD7623256F890004777C /* LoginPage.swift in Sources */ = {isa = PBXBuildFile; fileRef = 7718BD7523256F890004777C /* LoginPage.swift */; };
		7718BD782326C6C30004777C /* FirebaseAuth.framework in Frameworks */ = {isa = PBXBuildFile; fileRef = 7718BD772326C6C30004777C /* FirebaseAuth.framework */; };
		7718BD7C2328694F0004777C /* Player.swift in Sources */ = {isa = PBXBuildFile; fileRef = 7718BD7B2328694F0004777C /* Player.swift */; };
		7718BD8023288A340004777C /* PlayerCell.swift in Sources */ = {isa = PBXBuildFile; fileRef = 7718BD7F23288A340004777C /* PlayerCell.swift */; };
		7718BD82232AC84A0004777C /* StartupPage.swift in Sources */ = {isa = PBXBuildFile; fileRef = 7718BD81232AC84A0004777C /* StartupPage.swift */; };
		7718BD84232C13C00004777C /* Notifications.swift in Sources */ = {isa = PBXBuildFile; fileRef = 7718BD83232C13C00004777C /* Notifications.swift */; };
		7718BDC3233AC09E0004777C /* MyMatchesCell.swift in Sources */ = {isa = PBXBuildFile; fileRef = 7718BDC2233AC09E0004777C /* MyMatchesCell.swift */; };
		7718BDC5233ADDAF0004777C /* TourneyList.swift in Sources */ = {isa = PBXBuildFile; fileRef = 7718BDC4233ADDAF0004777C /* TourneyList.swift */; };
		7718BDC7233ADE700004777C /* Tourney.swift in Sources */ = {isa = PBXBuildFile; fileRef = 7718BDC6233ADE700004777C /* Tourney.swift */; };
		77196F7A238488C1004A8C79 /* TeamInfoDisplay.swift in Sources */ = {isa = PBXBuildFile; fileRef = 77196F79238488C1004A8C79 /* TeamInfoDisplay.swift */; };
		772051BD24646B8E00C4947A /* MatchViewOrganizer.swift in Sources */ = {isa = PBXBuildFile; fileRef = 772051BC24646B8E00C4947A /* MatchViewOrganizer.swift */; };
		7727354423CCE7A3004BEC33 /* ChatLogs.swift in Sources */ = {isa = PBXBuildFile; fileRef = 7727354323CCE7A3004BEC33 /* ChatLogs.swift */; };
		7727354623CCEF6D004BEC33 /* FriendList.swift in Sources */ = {isa = PBXBuildFile; fileRef = 7727354523CCEF6D004BEC33 /* FriendList.swift */; };
		7727354823CD4996004BEC33 /* FindFriends.swift in Sources */ = {isa = PBXBuildFile; fileRef = 7727354723CD4996004BEC33 /* FindFriends.swift */; };
		7731F55C242D6EF500903245 /* MatchFeed.swift in Sources */ = {isa = PBXBuildFile; fileRef = 7731F55B242D6EF500903245 /* MatchFeed.swift */; };
		7731F55E242D70F300903245 /* FeedMatchCell.swift in Sources */ = {isa = PBXBuildFile; fileRef = 7731F55D242D70F300903245 /* FeedMatchCell.swift */; };
		7731F560242FDBEB00903245 /* TourneyStats.swift in Sources */ = {isa = PBXBuildFile; fileRef = 7731F55F242FDBEB00903245 /* TourneyStats.swift */; };
		7731F562242FDC7700903245 /* TeamStatsCell.swift in Sources */ = {isa = PBXBuildFile; fileRef = 7731F561242FDC7700903245 /* TeamStatsCell.swift */; };
		7739865B23BBEC4700195253 /* MainMenu.swift in Sources */ = {isa = PBXBuildFile; fileRef = 7739865A23BBEC4700195253 /* MainMenu.swift */; };
		7739865D23BBEF6D00195253 /* Connect.swift in Sources */ = {isa = PBXBuildFile; fileRef = 7739865C23BBEF6D00195253 /* Connect.swift */; };
		773CA5CD23C2692700DED169 /* ProfileMenuCell.swift in Sources */ = {isa = PBXBuildFile; fileRef = 773CA5CC23C2692700DED169 /* ProfileMenuCell.swift */; };
		773CA5CF23C27E5200DED169 /* EditProfile.swift in Sources */ = {isa = PBXBuildFile; fileRef = 773CA5CE23C27E5200DED169 /* EditProfile.swift */; };
		77427F3123CFBD6C00372773 /* Message.swift in Sources */ = {isa = PBXBuildFile; fileRef = 77427F3023CFBD6C00372773 /* Message.swift */; };
		7745A2DA2476F77A00FC1FBF /* OpponentsList.swift in Sources */ = {isa = PBXBuildFile; fileRef = 7745A2D92476F77A00FC1FBF /* OpponentsList.swift */; };
		7745A2DC2477205A00FC1FBF /* PlayerChallengeCell.swift in Sources */ = {isa = PBXBuildFile; fileRef = 7745A2DB2477205A00FC1FBF /* PlayerChallengeCell.swift */; };
		7745A2DE2478965700FC1FBF /* SelectCourtInfo.swift in Sources */ = {isa = PBXBuildFile; fileRef = 7745A2DD2478965700FC1FBF /* SelectCourtInfo.swift */; };
		7745A2E0247C978700FC1FBF /* PieBackgroundPopup.swift in Sources */ = {isa = PBXBuildFile; fileRef = 7745A2DF247C978700FC1FBF /* PieBackgroundPopup.swift */; };
		7745A2E3247D7C6700FC1FBF /* FacebookCore in Frameworks */ = {isa = PBXBuildFile; productRef = 7745A2E2247D7C6700FC1FBF /* FacebookCore */; };
		7745A2E5247D7C6700FC1FBF /* FacebookLogin in Frameworks */ = {isa = PBXBuildFile; productRef = 7745A2E4247D7C6700FC1FBF /* FacebookLogin */; };
		7745AC72240CA413008C8900 /* FriendInviteCell.swift in Sources */ = {isa = PBXBuildFile; fileRef = 7745AC71240CA413008C8900 /* FriendInviteCell.swift */; };
		77549E1C24742CC60043FD44 /* ChangeStatusInfo.swift in Sources */ = {isa = PBXBuildFile; fileRef = 77549E1B24742CC60043FD44 /* ChangeStatusInfo.swift */; };
		77549E1E24746D8C0043FD44 /* TourneyInfo.swift in Sources */ = {isa = PBXBuildFile; fileRef = 77549E1D24746D8C0043FD44 /* TourneyInfo.swift */; };
		77549E202475E3180043FD44 /* ProfileView.swift in Sources */ = {isa = PBXBuildFile; fileRef = 77549E1F2475E3180043FD44 /* ProfileView.swift */; };
		7755A849244A00A700A5CA45 /* Play.swift in Sources */ = {isa = PBXBuildFile; fileRef = 7755A848244A00A700A5CA45 /* Play.swift */; };
		7757C4742419AAF5006E059A /* EmptyCell.swift in Sources */ = {isa = PBXBuildFile; fileRef = 7757C4732419AAF5006E059A /* EmptyCell.swift */; };
		7757C4762427F372006E059A /* WelcomePage.swift in Sources */ = {isa = PBXBuildFile; fileRef = 7757C4752427F372006E059A /* WelcomePage.swift */; };
		775DD31C247DECCE0068209A /* FacebookShare in Frameworks */ = {isa = PBXBuildFile; productRef = 775DD31B247DECCE0068209A /* FacebookShare */; };
		7760977B240EF21100AD30F5 /* CreateMatch.swift in Sources */ = {isa = PBXBuildFile; fileRef = 7760977A240EF21100AD30F5 /* CreateMatch.swift */; };
		7760977D241000C400AD30F5 /* MatchNotificationCell.swift in Sources */ = {isa = PBXBuildFile; fileRef = 7760977C241000C400AD30F5 /* MatchNotificationCell.swift */; };
		7760977F2410534D00AD30F5 /* MatchView.swift in Sources */ = {isa = PBXBuildFile; fileRef = 7760977E2410534D00AD30F5 /* MatchView.swift */; };
		776B105224C5549D00C4868D /* CreateRoundRobinTourney.swift in Sources */ = {isa = PBXBuildFile; fileRef = 776B105124C5549D00C4868D /* CreateRoundRobinTourney.swift */; };
		777590BB249874B700EA3E7E /* LikeList.swift in Sources */ = {isa = PBXBuildFile; fileRef = 777590BA249874B700EA3E7E /* LikeList.swift */; };
		777590BD249930E700EA3E7E /* SimplePlayerCell.swift in Sources */ = {isa = PBXBuildFile; fileRef = 777590BC249930E700EA3E7E /* SimplePlayerCell.swift */; };
		77931F8423C65C8A00724247 /* CreateTourney.swift in Sources */ = {isa = PBXBuildFile; fileRef = 77931F8323C65C8A00724247 /* CreateTourney.swift */; };
		77940C4223C7AE6A000061D4 /* TourneySearch.swift in Sources */ = {isa = PBXBuildFile; fileRef = 77940C4123C7AE6A000061D4 /* TourneySearch.swift */; };
		77BBB023231499C3006CB608 /* AppDelegate.swift in Sources */ = {isa = PBXBuildFile; fileRef = 77BBB022231499C3006CB608 /* AppDelegate.swift */; };
		77BBB028231499C3006CB608 /* Main.storyboard in Resources */ = {isa = PBXBuildFile; fileRef = 77BBB026231499C3006CB608 /* Main.storyboard */; };
		77BBB02A231499C5006CB608 /* Assets.xcassets in Resources */ = {isa = PBXBuildFile; fileRef = 77BBB029231499C5006CB608 /* Assets.xcassets */; };
		77BBB02D231499C5006CB608 /* LaunchScreen.storyboard in Resources */ = {isa = PBXBuildFile; fileRef = 77BBB02B231499C5006CB608 /* LaunchScreen.storyboard */; };
		77BBB0372315A6BA006CB608 /* TourneyTableViewCell.swift in Sources */ = {isa = PBXBuildFile; fileRef = 77BBB0362315A6BA006CB608 /* TourneyTableViewCell.swift */; };
		77BBB0392319E5C5006CB608 /* TourneyStandings.swift in Sources */ = {isa = PBXBuildFile; fileRef = 77BBB0382319E5C5006CB608 /* TourneyStandings.swift */; };
		77BBB03F231EE5BE006CB608 /* TourneyMenuBar.swift in Sources */ = {isa = PBXBuildFile; fileRef = 77BBB03E231EE5BE006CB608 /* TourneyMenuBar.swift */; };
		77BBB041231EEEFC006CB608 /* Extensions.swift in Sources */ = {isa = PBXBuildFile; fileRef = 77BBB040231EEEFC006CB608 /* Extensions.swift */; };
		77BBB043231EEF8D006CB608 /* TeamCell.swift in Sources */ = {isa = PBXBuildFile; fileRef = 77BBB042231EEF8D006CB608 /* TeamCell.swift */; };
		77BBB0452320838F006CB608 /* Team.swift in Sources */ = {isa = PBXBuildFile; fileRef = 77BBB0442320838F006CB608 /* Team.swift */; };
		77BFD06E24B2923600719D80 /* GoogleService-Info.plist in Resources */ = {isa = PBXBuildFile; fileRef = 77BFD06D24B2923600719D80 /* GoogleService-Info.plist */; };
		77BFD07024B2964C00719D80 /* RoundRobinStandings.swift in Sources */ = {isa = PBXBuildFile; fileRef = 77BFD06F24B2964C00719D80 /* RoundRobinStandings.swift */; };
		987E58EBF3E95FDFB4293DC5 /* Pods_Pickleball.framework in Frameworks */ = {isa = PBXBuildFile; fileRef = C36AE5BDF4C1B57CA0EF0834 /* Pods_Pickleball.framework */; };
/* End PBXBuildFile section */

/* Begin PBXFileReference section */
		3347B652A33F2B40130F448A /* Pods-Pickleball.release.xcconfig */ = {isa = PBXFileReference; includeInIndex = 1; lastKnownFileType = text.xcconfig; name = "Pods-Pickleball.release.xcconfig"; path = "Target Support Files/Pods-Pickleball/Pods-Pickleball.release.xcconfig"; sourceTree = "<group>"; };
		771011A924BBBECE00DC4215 /* WeekStackView.swift */ = {isa = PBXFileReference; lastKnownFileType = sourcecode.swift; path = WeekStackView.swift; sourceTree = "<group>"; };
		771011AB24BBC84E00DC4215 /* WeeklyMatches.swift */ = {isa = PBXFileReference; lastKnownFileType = sourcecode.swift; path = WeeklyMatches.swift; sourceTree = "<group>"; };
		771011AD24BBD6FF00DC4215 /* RoundRobinMatch.swift */ = {isa = PBXFileReference; lastKnownFileType = sourcecode.swift; path = RoundRobinMatch.swift; sourceTree = "<group>"; };
		7718BD6D2322CC710004777C /* FeedCell.swift */ = {isa = PBXFileReference; lastKnownFileType = sourcecode.swift; path = FeedCell.swift; sourceTree = "<group>"; };
		7718BD6F2322D4EC0004777C /* MatchCell.swift */ = {isa = PBXFileReference; lastKnownFileType = sourcecode.swift; path = MatchCell.swift; sourceTree = "<group>"; };
		7718BD712323019E0004777C /* RecentMatchesCell.swift */ = {isa = PBXFileReference; lastKnownFileType = sourcecode.swift; path = RecentMatchesCell.swift; sourceTree = "<group>"; };
		7718BD73232332600004777C /* Match.swift */ = {isa = PBXFileReference; lastKnownFileType = sourcecode.swift; path = Match.swift; sourceTree = "<group>"; };
		7718BD7523256F890004777C /* LoginPage.swift */ = {isa = PBXFileReference; lastKnownFileType = sourcecode.swift; path = LoginPage.swift; sourceTree = "<group>"; };
		7718BD772326C6C30004777C /* FirebaseAuth.framework */ = {isa = PBXFileReference; explicitFileType = wrapper.framework; path = FirebaseAuth.framework; sourceTree = BUILT_PRODUCTS_DIR; };
		7718BD7B2328694F0004777C /* Player.swift */ = {isa = PBXFileReference; lastKnownFileType = sourcecode.swift; path = Player.swift; sourceTree = "<group>"; };
		7718BD7F23288A340004777C /* PlayerCell.swift */ = {isa = PBXFileReference; lastKnownFileType = sourcecode.swift; path = PlayerCell.swift; sourceTree = "<group>"; };
		7718BD81232AC84A0004777C /* StartupPage.swift */ = {isa = PBXFileReference; lastKnownFileType = sourcecode.swift; path = StartupPage.swift; sourceTree = "<group>"; };
		7718BD83232C13C00004777C /* Notifications.swift */ = {isa = PBXFileReference; lastKnownFileType = sourcecode.swift; path = Notifications.swift; sourceTree = "<group>"; };
		7718BDC2233AC09E0004777C /* MyMatchesCell.swift */ = {isa = PBXFileReference; lastKnownFileType = sourcecode.swift; path = MyMatchesCell.swift; sourceTree = "<group>"; };
		7718BDC4233ADDAF0004777C /* TourneyList.swift */ = {isa = PBXFileReference; lastKnownFileType = sourcecode.swift; path = TourneyList.swift; sourceTree = "<group>"; };
		7718BDC6233ADE700004777C /* Tourney.swift */ = {isa = PBXFileReference; lastKnownFileType = sourcecode.swift; path = Tourney.swift; sourceTree = "<group>"; };
		77196F79238488C1004A8C79 /* TeamInfoDisplay.swift */ = {isa = PBXFileReference; lastKnownFileType = sourcecode.swift; path = TeamInfoDisplay.swift; sourceTree = "<group>"; };
		772051BC24646B8E00C4947A /* MatchViewOrganizer.swift */ = {isa = PBXFileReference; lastKnownFileType = sourcecode.swift; path = MatchViewOrganizer.swift; sourceTree = "<group>"; };
		7727354323CCE7A3004BEC33 /* ChatLogs.swift */ = {isa = PBXFileReference; lastKnownFileType = sourcecode.swift; path = ChatLogs.swift; sourceTree = "<group>"; };
		7727354523CCEF6D004BEC33 /* FriendList.swift */ = {isa = PBXFileReference; lastKnownFileType = sourcecode.swift; path = FriendList.swift; sourceTree = "<group>"; };
		7727354723CD4996004BEC33 /* FindFriends.swift */ = {isa = PBXFileReference; lastKnownFileType = sourcecode.swift; path = FindFriends.swift; sourceTree = "<group>"; };
		7731F55B242D6EF500903245 /* MatchFeed.swift */ = {isa = PBXFileReference; lastKnownFileType = sourcecode.swift; path = MatchFeed.swift; sourceTree = "<group>"; };
		7731F55D242D70F300903245 /* FeedMatchCell.swift */ = {isa = PBXFileReference; lastKnownFileType = sourcecode.swift; path = FeedMatchCell.swift; sourceTree = "<group>"; };
		7731F55F242FDBEB00903245 /* TourneyStats.swift */ = {isa = PBXFileReference; lastKnownFileType = sourcecode.swift; path = TourneyStats.swift; sourceTree = "<group>"; };
		7731F561242FDC7700903245 /* TeamStatsCell.swift */ = {isa = PBXFileReference; lastKnownFileType = sourcecode.swift; path = TeamStatsCell.swift; sourceTree = "<group>"; };
		7739865A23BBEC4700195253 /* MainMenu.swift */ = {isa = PBXFileReference; lastKnownFileType = sourcecode.swift; path = MainMenu.swift; sourceTree = "<group>"; };
		7739865C23BBEF6D00195253 /* Connect.swift */ = {isa = PBXFileReference; lastKnownFileType = sourcecode.swift; path = Connect.swift; sourceTree = "<group>"; };
		773CA5CC23C2692700DED169 /* ProfileMenuCell.swift */ = {isa = PBXFileReference; lastKnownFileType = sourcecode.swift; path = ProfileMenuCell.swift; sourceTree = "<group>"; };
		773CA5CE23C27E5200DED169 /* EditProfile.swift */ = {isa = PBXFileReference; lastKnownFileType = sourcecode.swift; path = EditProfile.swift; sourceTree = "<group>"; };
		77427F3023CFBD6C00372773 /* Message.swift */ = {isa = PBXFileReference; lastKnownFileType = sourcecode.swift; path = Message.swift; sourceTree = "<group>"; };
		7745A2D92476F77A00FC1FBF /* OpponentsList.swift */ = {isa = PBXFileReference; lastKnownFileType = sourcecode.swift; path = OpponentsList.swift; sourceTree = "<group>"; };
		7745A2DB2477205A00FC1FBF /* PlayerChallengeCell.swift */ = {isa = PBXFileReference; lastKnownFileType = sourcecode.swift; path = PlayerChallengeCell.swift; sourceTree = "<group>"; };
		7745A2DD2478965700FC1FBF /* SelectCourtInfo.swift */ = {isa = PBXFileReference; lastKnownFileType = sourcecode.swift; path = SelectCourtInfo.swift; sourceTree = "<group>"; };
		7745A2DF247C978700FC1FBF /* PieBackgroundPopup.swift */ = {isa = PBXFileReference; lastKnownFileType = sourcecode.swift; path = PieBackgroundPopup.swift; sourceTree = "<group>"; };
		7745AC71240CA413008C8900 /* FriendInviteCell.swift */ = {isa = PBXFileReference; lastKnownFileType = sourcecode.swift; path = FriendInviteCell.swift; sourceTree = "<group>"; };
		77549E1B24742CC60043FD44 /* ChangeStatusInfo.swift */ = {isa = PBXFileReference; lastKnownFileType = sourcecode.swift; path = ChangeStatusInfo.swift; sourceTree = "<group>"; };
		77549E1D24746D8C0043FD44 /* TourneyInfo.swift */ = {isa = PBXFileReference; lastKnownFileType = sourcecode.swift; path = TourneyInfo.swift; sourceTree = "<group>"; };
		77549E1F2475E3180043FD44 /* ProfileView.swift */ = {isa = PBXFileReference; lastKnownFileType = sourcecode.swift; path = ProfileView.swift; sourceTree = "<group>"; };
		7755A847244785E000A5CA45 /* Pickleball.entitlements */ = {isa = PBXFileReference; lastKnownFileType = text.plist.entitlements; path = Pickleball.entitlements; sourceTree = "<group>"; };
		7755A848244A00A700A5CA45 /* Play.swift */ = {isa = PBXFileReference; lastKnownFileType = sourcecode.swift; path = Play.swift; sourceTree = "<group>"; };
		7757C4732419AAF5006E059A /* EmptyCell.swift */ = {isa = PBXFileReference; lastKnownFileType = sourcecode.swift; path = EmptyCell.swift; sourceTree = "<group>"; };
		7757C4752427F372006E059A /* WelcomePage.swift */ = {isa = PBXFileReference; lastKnownFileType = sourcecode.swift; path = WelcomePage.swift; sourceTree = "<group>"; };
		7760977A240EF21100AD30F5 /* CreateMatch.swift */ = {isa = PBXFileReference; lastKnownFileType = sourcecode.swift; path = CreateMatch.swift; sourceTree = "<group>"; };
		7760977C241000C400AD30F5 /* MatchNotificationCell.swift */ = {isa = PBXFileReference; lastKnownFileType = sourcecode.swift; path = MatchNotificationCell.swift; sourceTree = "<group>"; };
		7760977E2410534D00AD30F5 /* MatchView.swift */ = {isa = PBXFileReference; lastKnownFileType = sourcecode.swift; path = MatchView.swift; sourceTree = "<group>"; };
		776B105124C5549D00C4868D /* CreateRoundRobinTourney.swift */ = {isa = PBXFileReference; lastKnownFileType = sourcecode.swift; path = CreateRoundRobinTourney.swift; sourceTree = "<group>"; };
		777590BA249874B700EA3E7E /* LikeList.swift */ = {isa = PBXFileReference; lastKnownFileType = sourcecode.swift; path = LikeList.swift; sourceTree = "<group>"; };
		777590BC249930E700EA3E7E /* SimplePlayerCell.swift */ = {isa = PBXFileReference; lastKnownFileType = sourcecode.swift; path = SimplePlayerCell.swift; sourceTree = "<group>"; };
		77931F8323C65C8A00724247 /* CreateTourney.swift */ = {isa = PBXFileReference; lastKnownFileType = sourcecode.swift; path = CreateTourney.swift; sourceTree = "<group>"; };
		77940C4123C7AE6A000061D4 /* TourneySearch.swift */ = {isa = PBXFileReference; lastKnownFileType = sourcecode.swift; path = TourneySearch.swift; sourceTree = "<group>"; };
		77BBB01F231499C3006CB608 /* Pickleball.app */ = {isa = PBXFileReference; explicitFileType = wrapper.application; includeInIndex = 0; path = Pickleball.app; sourceTree = BUILT_PRODUCTS_DIR; };
		77BBB022231499C3006CB608 /* AppDelegate.swift */ = {isa = PBXFileReference; lastKnownFileType = sourcecode.swift; path = AppDelegate.swift; sourceTree = "<group>"; };
		77BBB027231499C3006CB608 /* Base */ = {isa = PBXFileReference; lastKnownFileType = file.storyboard; name = Base; path = Base.lproj/Main.storyboard; sourceTree = "<group>"; };
		77BBB029231499C5006CB608 /* Assets.xcassets */ = {isa = PBXFileReference; lastKnownFileType = folder.assetcatalog; path = Assets.xcassets; sourceTree = "<group>"; };
		77BBB02C231499C5006CB608 /* Base */ = {isa = PBXFileReference; lastKnownFileType = file.storyboard; name = Base; path = Base.lproj/LaunchScreen.storyboard; sourceTree = "<group>"; };
		77BBB02E231499C5006CB608 /* Info.plist */ = {isa = PBXFileReference; lastKnownFileType = text.plist.xml; path = Info.plist; sourceTree = "<group>"; };
		77BBB0362315A6BA006CB608 /* TourneyTableViewCell.swift */ = {isa = PBXFileReference; lastKnownFileType = sourcecode.swift; path = TourneyTableViewCell.swift; sourceTree = "<group>"; };
		77BBB0382319E5C5006CB608 /* TourneyStandings.swift */ = {isa = PBXFileReference; lastKnownFileType = sourcecode.swift; path = TourneyStandings.swift; sourceTree = "<group>"; };
		77BBB03E231EE5BE006CB608 /* TourneyMenuBar.swift */ = {isa = PBXFileReference; lastKnownFileType = sourcecode.swift; path = TourneyMenuBar.swift; sourceTree = "<group>"; };
		77BBB040231EEEFC006CB608 /* Extensions.swift */ = {isa = PBXFileReference; lastKnownFileType = sourcecode.swift; path = Extensions.swift; sourceTree = "<group>"; };
		77BBB042231EEF8D006CB608 /* TeamCell.swift */ = {isa = PBXFileReference; lastKnownFileType = sourcecode.swift; path = TeamCell.swift; sourceTree = "<group>"; };
		77BBB0442320838F006CB608 /* Team.swift */ = {isa = PBXFileReference; lastKnownFileType = sourcecode.swift; path = Team.swift; sourceTree = "<group>"; };
		77BFD06D24B2923600719D80 /* GoogleService-Info.plist */ = {isa = PBXFileReference; fileEncoding = 4; lastKnownFileType = text.plist.xml; path = "GoogleService-Info.plist"; sourceTree = "<group>"; };
		77BFD06F24B2964C00719D80 /* RoundRobinStandings.swift */ = {isa = PBXFileReference; lastKnownFileType = sourcecode.swift; path = RoundRobinStandings.swift; sourceTree = "<group>"; };
		8F3BB2C9AD728C180310E8D3 /* Pods-Pickleball.debug.xcconfig */ = {isa = PBXFileReference; includeInIndex = 1; lastKnownFileType = text.xcconfig; name = "Pods-Pickleball.debug.xcconfig"; path = "Target Support Files/Pods-Pickleball/Pods-Pickleball.debug.xcconfig"; sourceTree = "<group>"; };
		C36AE5BDF4C1B57CA0EF0834 /* Pods_Pickleball.framework */ = {isa = PBXFileReference; explicitFileType = wrapper.framework; includeInIndex = 0; path = Pods_Pickleball.framework; sourceTree = BUILT_PRODUCTS_DIR; };
/* End PBXFileReference section */

/* Begin PBXFrameworksBuildPhase section */
		77BBB01C231499C3006CB608 /* Frameworks */ = {
			isa = PBXFrameworksBuildPhase;
			buildActionMask = 2147483647;
			files = (
				7745A2E5247D7C6700FC1FBF /* FacebookLogin in Frameworks */,
				7718BD782326C6C30004777C /* FirebaseAuth.framework in Frameworks */,
				7745A2E3247D7C6700FC1FBF /* FacebookCore in Frameworks */,
				775DD31C247DECCE0068209A /* FacebookShare in Frameworks */,
				987E58EBF3E95FDFB4293DC5 /* Pods_Pickleball.framework in Frameworks */,
			);
			runOnlyForDeploymentPostprocessing = 0;
		};
/* End PBXFrameworksBuildPhase section */

/* Begin PBXGroup section */
		77931F8023C65BE400724247 /* Beginning Tabs */ = {
			isa = PBXGroup;
			children = (
				7739865A23BBEC4700195253 /* MainMenu.swift */,
				7718BD81232AC84A0004777C /* StartupPage.swift */,
				7718BDC4233ADDAF0004777C /* TourneyList.swift */,
				7739865C23BBEF6D00195253 /* Connect.swift */,
				7718BD83232C13C00004777C /* Notifications.swift */,
				7757C4752427F372006E059A /* WelcomePage.swift */,
				7731F55B242D6EF500903245 /* MatchFeed.swift */,
				7755A848244A00A700A5CA45 /* Play.swift */,
			);
			path = "Beginning Tabs";
			sourceTree = "<group>";
		};
		77931F8123C65C1100724247 /* Tourney Controllers */ = {
			isa = PBXGroup;
			children = (
				77BBB0382319E5C5006CB608 /* TourneyStandings.swift */,
				77196F79238488C1004A8C79 /* TeamInfoDisplay.swift */,
				7731F55F242FDBEB00903245 /* TourneyStats.swift */,
				77BFD06F24B2964C00719D80 /* RoundRobinStandings.swift */,
				771011AB24BBC84E00DC4215 /* WeeklyMatches.swift */,
				771011AD24BBD6FF00DC4215 /* RoundRobinMatch.swift */,
			);
			path = "Tourney Controllers";
			sourceTree = "<group>";
		};
		77931F8223C65C5200724247 /* Options */ = {
			isa = PBXGroup;
			children = (
				773CA5CE23C27E5200DED169 /* EditProfile.swift */,
				7718BD7523256F890004777C /* LoginPage.swift */,
				77931F8323C65C8A00724247 /* CreateTourney.swift */,
				77940C4123C7AE6A000061D4 /* TourneySearch.swift */,
				7727354323CCE7A3004BEC33 /* ChatLogs.swift */,
				7727354523CCEF6D004BEC33 /* FriendList.swift */,
				7727354723CD4996004BEC33 /* FindFriends.swift */,
				7760977A240EF21100AD30F5 /* CreateMatch.swift */,
				7760977E2410534D00AD30F5 /* MatchView.swift */,
				77549E1D24746D8C0043FD44 /* TourneyInfo.swift */,
				7745A2D92476F77A00FC1FBF /* OpponentsList.swift */,
				776B105124C5549D00C4868D /* CreateRoundRobinTourney.swift */,
			);
			path = Options;
			sourceTree = "<group>";
		};
		77BBB016231499C3006CB608 = {
			isa = PBXGroup;
			children = (
				77BBB021231499C3006CB608 /* Pickleball */,
				77BBB020231499C3006CB608 /* Products */,
				7A37089CDB92539A7A0C8CF2 /* Pods */,
				A20C0AA1F89D4ACB5FCE6A35 /* Frameworks */,
			);
			sourceTree = "<group>";
		};
		77BBB020231499C3006CB608 /* Products */ = {
			isa = PBXGroup;
			children = (
				77BBB01F231499C3006CB608 /* Pickleball.app */,
			);
			name = Products;
			sourceTree = "<group>";
		};
		77BBB021231499C3006CB608 /* Pickleball */ = {
			isa = PBXGroup;
			children = (
				7755A847244785E000A5CA45 /* Pickleball.entitlements */,
				77BBB03A231EE521006CB608 /* View */,
				77BBB03B231EE540006CB608 /* Controller */,
				77BBB03D231EE56E006CB608 /* Helpers */,
				77BBB03C231EE566006CB608 /* Model */,
				77BBB029231499C5006CB608 /* Assets.xcassets */,
				77BFD06D24B2923600719D80 /* GoogleService-Info.plist */,
				77BBB022231499C3006CB608 /* AppDelegate.swift */,
				77BBB026231499C3006CB608 /* Main.storyboard */,
				77BBB02B231499C5006CB608 /* LaunchScreen.storyboard */,
				77BBB0362315A6BA006CB608 /* TourneyTableViewCell.swift */,
				77BBB02E231499C5006CB608 /* Info.plist */,
			);
			path = Pickleball;
			sourceTree = "<group>";
		};
		77BBB03A231EE521006CB608 /* View */ = {
			isa = PBXGroup;
			children = (
				77BBB03E231EE5BE006CB608 /* TourneyMenuBar.swift */,
				77BBB042231EEF8D006CB608 /* TeamCell.swift */,
				7718BD6D2322CC710004777C /* FeedCell.swift */,
				7718BD6F2322D4EC0004777C /* MatchCell.swift */,
				7718BD712323019E0004777C /* RecentMatchesCell.swift */,
				7718BD7F23288A340004777C /* PlayerCell.swift */,
				7718BDC2233AC09E0004777C /* MyMatchesCell.swift */,
				773CA5CC23C2692700DED169 /* ProfileMenuCell.swift */,
				7745AC71240CA413008C8900 /* FriendInviteCell.swift */,
				7760977C241000C400AD30F5 /* MatchNotificationCell.swift */,
				7757C4732419AAF5006E059A /* EmptyCell.swift */,
				7731F55D242D70F300903245 /* FeedMatchCell.swift */,
				7731F561242FDC7700903245 /* TeamStatsCell.swift */,
				772051BC24646B8E00C4947A /* MatchViewOrganizer.swift */,
				77549E1B24742CC60043FD44 /* ChangeStatusInfo.swift */,
				77549E1F2475E3180043FD44 /* ProfileView.swift */,
				7745A2DB2477205A00FC1FBF /* PlayerChallengeCell.swift */,
				7745A2DD2478965700FC1FBF /* SelectCourtInfo.swift */,
				7745A2DF247C978700FC1FBF /* PieBackgroundPopup.swift */,
				777590BA249874B700EA3E7E /* LikeList.swift */,
				777590BC249930E700EA3E7E /* SimplePlayerCell.swift */,
				771011A924BBBECE00DC4215 /* WeekStackView.swift */,
			);
			path = View;
			sourceTree = "<group>";
		};
		77BBB03B231EE540006CB608 /* Controller */ = {
			isa = PBXGroup;
			children = (
				77931F8123C65C1100724247 /* Tourney Controllers */,
				77931F8023C65BE400724247 /* Beginning Tabs */,
				77931F8223C65C5200724247 /* Options */,
			);
			path = Controller;
			sourceTree = "<group>";
		};
		77BBB03C231EE566006CB608 /* Model */ = {
			isa = PBXGroup;
			children = (
				77BBB0442320838F006CB608 /* Team.swift */,
				7718BD73232332600004777C /* Match.swift */,
				7718BD7B2328694F0004777C /* Player.swift */,
				7718BDC6233ADE700004777C /* Tourney.swift */,
				77427F3023CFBD6C00372773 /* Message.swift */,
			);
			path = Model;
			sourceTree = "<group>";
		};
		77BBB03D231EE56E006CB608 /* Helpers */ = {
			isa = PBXGroup;
			children = (
				77BBB040231EEEFC006CB608 /* Extensions.swift */,
			);
			path = Helpers;
			sourceTree = "<group>";
		};
		7A37089CDB92539A7A0C8CF2 /* Pods */ = {
			isa = PBXGroup;
			children = (
				8F3BB2C9AD728C180310E8D3 /* Pods-Pickleball.debug.xcconfig */,
				3347B652A33F2B40130F448A /* Pods-Pickleball.release.xcconfig */,
			);
			path = Pods;
			sourceTree = "<group>";
		};
		A20C0AA1F89D4ACB5FCE6A35 /* Frameworks */ = {
			isa = PBXGroup;
			children = (
				7718BD772326C6C30004777C /* FirebaseAuth.framework */,
				C36AE5BDF4C1B57CA0EF0834 /* Pods_Pickleball.framework */,
			);
			name = Frameworks;
			sourceTree = "<group>";
		};
/* End PBXGroup section */

/* Begin PBXNativeTarget section */
		77BBB01E231499C3006CB608 /* Pickleball */ = {
			isa = PBXNativeTarget;
			buildConfigurationList = 77BBB031231499C5006CB608 /* Build configuration list for PBXNativeTarget "Pickleball" */;
			buildPhases = (
				0439770C932ABECFEE5E93DC /* [CP] Check Pods Manifest.lock */,
				77BBB01B231499C3006CB608 /* Sources */,
				77BBB01C231499C3006CB608 /* Frameworks */,
				77BBB01D231499C3006CB608 /* Resources */,
				F43857604124A018B0C0843C /* [CP] Embed Pods Frameworks */,
			);
			buildRules = (
			);
			dependencies = (
			);
			name = Pickleball;
			packageProductDependencies = (
				7745A2E2247D7C6700FC1FBF /* FacebookCore */,
				7745A2E4247D7C6700FC1FBF /* FacebookLogin */,
				775DD31B247DECCE0068209A /* FacebookShare */,
			);
			productName = Pickleball;
			productReference = 77BBB01F231499C3006CB608 /* Pickleball.app */;
			productType = "com.apple.product-type.application";
		};
/* End PBXNativeTarget section */

/* Begin PBXProject section */
		77BBB017231499C3006CB608 /* Project object */ = {
			isa = PBXProject;
			attributes = {
				LastSwiftUpdateCheck = 1010;
				LastUpgradeCheck = 1010;
				ORGANIZATIONNAME = TannerRozier;
				TargetAttributes = {
					77BBB01E231499C3006CB608 = {
						CreatedOnToolsVersion = 10.1;
						LastSwiftMigration = 1130;
						SystemCapabilities = {
							com.apple.BackgroundModes = {
								enabled = 1;
							};
							com.apple.Push = {
								enabled = 1;
							};
						};
					};
				};
			};
			buildConfigurationList = 77BBB01A231499C3006CB608 /* Build configuration list for PBXProject "Pickleball Gamer" */;
			compatibilityVersion = "Xcode 10.0";
			developmentRegion = en;
			hasScannedForEncodings = 0;
			knownRegions = (
				en,
				Base,
			);
			mainGroup = 77BBB016231499C3006CB608;
			packageReferences = (
				7745A2E1247D7C6700FC1FBF /* XCRemoteSwiftPackageReference "facebook-ios-sdk" */,
			);
			productRefGroup = 77BBB020231499C3006CB608 /* Products */;
			projectDirPath = "";
			projectRoot = "";
			targets = (
				77BBB01E231499C3006CB608 /* Pickleball */,
			);
		};
/* End PBXProject section */

/* Begin PBXResourcesBuildPhase section */
		77BBB01D231499C3006CB608 /* Resources */ = {
			isa = PBXResourcesBuildPhase;
			buildActionMask = 2147483647;
			files = (
				77BFD06E24B2923600719D80 /* GoogleService-Info.plist in Resources */,
				77BBB02D231499C5006CB608 /* LaunchScreen.storyboard in Resources */,
				77BBB02A231499C5006CB608 /* Assets.xcassets in Resources */,
				77BBB028231499C3006CB608 /* Main.storyboard in Resources */,
			);
			runOnlyForDeploymentPostprocessing = 0;
		};
/* End PBXResourcesBuildPhase section */

/* Begin PBXShellScriptBuildPhase section */
		0439770C932ABECFEE5E93DC /* [CP] Check Pods Manifest.lock */ = {
			isa = PBXShellScriptBuildPhase;
			buildActionMask = 2147483647;
			files = (
			);
			inputFileListPaths = (
			);
			inputPaths = (
				"${PODS_PODFILE_DIR_PATH}/Podfile.lock",
				"${PODS_ROOT}/Manifest.lock",
			);
			name = "[CP] Check Pods Manifest.lock";
			outputFileListPaths = (
			);
			outputPaths = (
				"$(DERIVED_FILE_DIR)/Pods-Pickleball-checkManifestLockResult.txt",
			);
			runOnlyForDeploymentPostprocessing = 0;
			shellPath = /bin/sh;
			shellScript = "diff \"${PODS_PODFILE_DIR_PATH}/Podfile.lock\" \"${PODS_ROOT}/Manifest.lock\" > /dev/null\nif [ $? != 0 ] ; then\n    # print error to STDERR\n    echo \"error: The sandbox is not in sync with the Podfile.lock. Run 'pod install' or update your CocoaPods installation.\" >&2\n    exit 1\nfi\n# This output is used by Xcode 'outputs' to avoid re-running this script phase.\necho \"SUCCESS\" > \"${SCRIPT_OUTPUT_FILE_0}\"\n";
			showEnvVarsInLog = 0;
		};
		F43857604124A018B0C0843C /* [CP] Embed Pods Frameworks */ = {
			isa = PBXShellScriptBuildPhase;
			buildActionMask = 2147483647;
			files = (
			);
			inputFileListPaths = (
				"${PODS_ROOT}/Target Support Files/Pods-Pickleball/Pods-Pickleball-frameworks-${CONFIGURATION}-input-files.xcfilelist",
			);
			name = "[CP] Embed Pods Frameworks";
			outputFileListPaths = (
				"${PODS_ROOT}/Target Support Files/Pods-Pickleball/Pods-Pickleball-frameworks-${CONFIGURATION}-output-files.xcfilelist",
			);
			runOnlyForDeploymentPostprocessing = 0;
			shellPath = /bin/sh;
			shellScript = "\"${PODS_ROOT}/Target Support Files/Pods-Pickleball/Pods-Pickleball-frameworks.sh\"\n";
			showEnvVarsInLog = 0;
		};
/* End PBXShellScriptBuildPhase section */

/* Begin PBXSourcesBuildPhase section */
		77BBB01B231499C3006CB608 /* Sources */ = {
			isa = PBXSourcesBuildPhase;
			buildActionMask = 2147483647;
			files = (
				7745A2DA2476F77A00FC1FBF /* OpponentsList.swift in Sources */,
				7718BDC3233AC09E0004777C /* MyMatchesCell.swift in Sources */,
				773CA5CD23C2692700DED169 /* ProfileMenuCell.swift in Sources */,
				7731F560242FDBEB00903245 /* TourneyStats.swift in Sources */,
				7718BD6E2322CC710004777C /* FeedCell.swift in Sources */,
				77BBB041231EEEFC006CB608 /* Extensions.swift in Sources */,
				77BBB0372315A6BA006CB608 /* TourneyTableViewCell.swift in Sources */,
				77BBB043231EEF8D006CB608 /* TeamCell.swift in Sources */,
				77427F3123CFBD6C00372773 /* Message.swift in Sources */,
				77196F7A238488C1004A8C79 /* TeamInfoDisplay.swift in Sources */,
				7718BD722323019E0004777C /* RecentMatchesCell.swift in Sources */,
				7757C4742419AAF5006E059A /* EmptyCell.swift in Sources */,
				7731F562242FDC7700903245 /* TeamStatsCell.swift in Sources */,
				7727354623CCEF6D004BEC33 /* FriendList.swift in Sources */,
				7731F55C242D6EF500903245 /* MatchFeed.swift in Sources */,
				7760977F2410534D00AD30F5 /* MatchView.swift in Sources */,
				7760977D241000C400AD30F5 /* MatchNotificationCell.swift in Sources */,
				77931F8423C65C8A00724247 /* CreateTourney.swift in Sources */,
				771011AC24BBC84E00DC4215 /* WeeklyMatches.swift in Sources */,
				7718BD7623256F890004777C /* LoginPage.swift in Sources */,
				7731F55E242D70F300903245 /* FeedMatchCell.swift in Sources */,
				77940C4223C7AE6A000061D4 /* TourneySearch.swift in Sources */,
				7718BDC7233ADE700004777C /* Tourney.swift in Sources */,
				7760977B240EF21100AD30F5 /* CreateMatch.swift in Sources */,
				772051BD24646B8E00C4947A /* MatchViewOrganizer.swift in Sources */,
				7718BD702322D4EC0004777C /* MatchCell.swift in Sources */,
				7718BD82232AC84A0004777C /* StartupPage.swift in Sources */,
				77BBB0452320838F006CB608 /* Team.swift in Sources */,
				77549E1C24742CC60043FD44 /* ChangeStatusInfo.swift in Sources */,
				7757C4762427F372006E059A /* WelcomePage.swift in Sources */,
				77BBB0392319E5C5006CB608 /* TourneyStandings.swift in Sources */,
				777590BD249930E700EA3E7E /* SimplePlayerCell.swift in Sources */,
				777590BB249874B700EA3E7E /* LikeList.swift in Sources */,
				77BBB03F231EE5BE006CB608 /* TourneyMenuBar.swift in Sources */,
				77BFD07024B2964C00719D80 /* RoundRobinStandings.swift in Sources */,
				7755A849244A00A700A5CA45 /* Play.swift in Sources */,
				7739865D23BBEF6D00195253 /* Connect.swift in Sources */,
				7718BD84232C13C00004777C /* Notifications.swift in Sources */,
				77BBB023231499C3006CB608 /* AppDelegate.swift in Sources */,
				773CA5CF23C27E5200DED169 /* EditProfile.swift in Sources */,
				7718BD8023288A340004777C /* PlayerCell.swift in Sources */,
				7727354823CD4996004BEC33 /* FindFriends.swift in Sources */,
				77549E202475E3180043FD44 /* ProfileView.swift in Sources */,
				7739865B23BBEC4700195253 /* MainMenu.swift in Sources */,
				776B105224C5549D00C4868D /* CreateRoundRobinTourney.swift in Sources */,
				7745A2E0247C978700FC1FBF /* PieBackgroundPopup.swift in Sources */,
				7745A2DC2477205A00FC1FBF /* PlayerChallengeCell.swift in Sources */,
				7745A2DE2478965700FC1FBF /* SelectCourtInfo.swift in Sources */,
				77549E1E24746D8C0043FD44 /* TourneyInfo.swift in Sources */,
				771011AA24BBBECE00DC4215 /* WeekStackView.swift in Sources */,
				7745AC72240CA413008C8900 /* FriendInviteCell.swift in Sources */,
				7718BD7C2328694F0004777C /* Player.swift in Sources */,
				7718BD74232332600004777C /* Match.swift in Sources */,
				771011AE24BBD6FF00DC4215 /* RoundRobinMatch.swift in Sources */,
				7718BDC5233ADDAF0004777C /* TourneyList.swift in Sources */,
				7727354423CCE7A3004BEC33 /* ChatLogs.swift in Sources */,
			);
			runOnlyForDeploymentPostprocessing = 0;
		};
/* End PBXSourcesBuildPhase section */

/* Begin PBXVariantGroup section */
		77BBB026231499C3006CB608 /* Main.storyboard */ = {
			isa = PBXVariantGroup;
			children = (
				77BBB027231499C3006CB608 /* Base */,
			);
			name = Main.storyboard;
			sourceTree = "<group>";
		};
		77BBB02B231499C5006CB608 /* LaunchScreen.storyboard */ = {
			isa = PBXVariantGroup;
			children = (
				77BBB02C231499C5006CB608 /* Base */,
			);
			name = LaunchScreen.storyboard;
			sourceTree = "<group>";
		};
/* End PBXVariantGroup section */

/* Begin XCBuildConfiguration section */
		77BBB02F231499C5006CB608 /* Debug */ = {
			isa = XCBuildConfiguration;
			buildSettings = {
				ALWAYS_SEARCH_USER_PATHS = NO;
				CLANG_ANALYZER_NONNULL = YES;
				CLANG_ANALYZER_NUMBER_OBJECT_CONVERSION = YES_AGGRESSIVE;
				CLANG_CXX_LANGUAGE_STANDARD = "gnu++14";
				CLANG_CXX_LIBRARY = "libc++";
				CLANG_ENABLE_MODULES = YES;
				CLANG_ENABLE_OBJC_ARC = YES;
				CLANG_ENABLE_OBJC_WEAK = YES;
				CLANG_WARN_BLOCK_CAPTURE_AUTORELEASING = YES;
				CLANG_WARN_BOOL_CONVERSION = YES;
				CLANG_WARN_COMMA = YES;
				CLANG_WARN_CONSTANT_CONVERSION = YES;
				CLANG_WARN_DEPRECATED_OBJC_IMPLEMENTATIONS = YES;
				CLANG_WARN_DIRECT_OBJC_ISA_USAGE = YES_ERROR;
				CLANG_WARN_DOCUMENTATION_COMMENTS = YES;
				CLANG_WARN_EMPTY_BODY = YES;
				CLANG_WARN_ENUM_CONVERSION = YES;
				CLANG_WARN_INFINITE_RECURSION = YES;
				CLANG_WARN_INT_CONVERSION = YES;
				CLANG_WARN_NON_LITERAL_NULL_CONVERSION = YES;
				CLANG_WARN_OBJC_IMPLICIT_RETAIN_SELF = YES;
				CLANG_WARN_OBJC_LITERAL_CONVERSION = YES;
				CLANG_WARN_OBJC_ROOT_CLASS = YES_ERROR;
				CLANG_WARN_RANGE_LOOP_ANALYSIS = YES;
				CLANG_WARN_STRICT_PROTOTYPES = YES;
				CLANG_WARN_SUSPICIOUS_MOVE = YES;
				CLANG_WARN_UNGUARDED_AVAILABILITY = YES_AGGRESSIVE;
				CLANG_WARN_UNREACHABLE_CODE = YES;
				CLANG_WARN__DUPLICATE_METHOD_MATCH = YES;
				CODE_SIGN_IDENTITY = "iPhone Developer";
				COPY_PHASE_STRIP = NO;
				DEBUG_INFORMATION_FORMAT = dwarf;
				ENABLE_STRICT_OBJC_MSGSEND = YES;
				ENABLE_TESTABILITY = YES;
				GCC_C_LANGUAGE_STANDARD = gnu11;
				GCC_DYNAMIC_NO_PIC = NO;
				GCC_NO_COMMON_BLOCKS = YES;
				GCC_OPTIMIZATION_LEVEL = 0;
				GCC_PREPROCESSOR_DEFINITIONS = (
					"DEBUG=1",
					"$(inherited)",
				);
				GCC_WARN_64_TO_32_BIT_CONVERSION = YES;
				GCC_WARN_ABOUT_RETURN_TYPE = YES_ERROR;
				GCC_WARN_UNDECLARED_SELECTOR = YES;
				GCC_WARN_UNINITIALIZED_AUTOS = YES_AGGRESSIVE;
				GCC_WARN_UNUSED_FUNCTION = YES;
				GCC_WARN_UNUSED_VARIABLE = YES;
				IPHONEOS_DEPLOYMENT_TARGET = 12.1;
				MTL_ENABLE_DEBUG_INFO = INCLUDE_SOURCE;
				MTL_FAST_MATH = YES;
				ONLY_ACTIVE_ARCH = YES;
				SDKROOT = iphoneos;
				SWIFT_ACTIVE_COMPILATION_CONDITIONS = DEBUG;
				SWIFT_OPTIMIZATION_LEVEL = "-Onone";
			};
			name = Debug;
		};
		77BBB030231499C5006CB608 /* Release */ = {
			isa = XCBuildConfiguration;
			buildSettings = {
				ALWAYS_SEARCH_USER_PATHS = NO;
				CLANG_ANALYZER_NONNULL = YES;
				CLANG_ANALYZER_NUMBER_OBJECT_CONVERSION = YES_AGGRESSIVE;
				CLANG_CXX_LANGUAGE_STANDARD = "gnu++14";
				CLANG_CXX_LIBRARY = "libc++";
				CLANG_ENABLE_MODULES = YES;
				CLANG_ENABLE_OBJC_ARC = YES;
				CLANG_ENABLE_OBJC_WEAK = YES;
				CLANG_WARN_BLOCK_CAPTURE_AUTORELEASING = YES;
				CLANG_WARN_BOOL_CONVERSION = YES;
				CLANG_WARN_COMMA = YES;
				CLANG_WARN_CONSTANT_CONVERSION = YES;
				CLANG_WARN_DEPRECATED_OBJC_IMPLEMENTATIONS = YES;
				CLANG_WARN_DIRECT_OBJC_ISA_USAGE = YES_ERROR;
				CLANG_WARN_DOCUMENTATION_COMMENTS = YES;
				CLANG_WARN_EMPTY_BODY = YES;
				CLANG_WARN_ENUM_CONVERSION = YES;
				CLANG_WARN_INFINITE_RECURSION = YES;
				CLANG_WARN_INT_CONVERSION = YES;
				CLANG_WARN_NON_LITERAL_NULL_CONVERSION = YES;
				CLANG_WARN_OBJC_IMPLICIT_RETAIN_SELF = YES;
				CLANG_WARN_OBJC_LITERAL_CONVERSION = YES;
				CLANG_WARN_OBJC_ROOT_CLASS = YES_ERROR;
				CLANG_WARN_RANGE_LOOP_ANALYSIS = YES;
				CLANG_WARN_STRICT_PROTOTYPES = YES;
				CLANG_WARN_SUSPICIOUS_MOVE = YES;
				CLANG_WARN_UNGUARDED_AVAILABILITY = YES_AGGRESSIVE;
				CLANG_WARN_UNREACHABLE_CODE = YES;
				CLANG_WARN__DUPLICATE_METHOD_MATCH = YES;
				CODE_SIGN_IDENTITY = "iPhone Developer";
				COPY_PHASE_STRIP = NO;
				DEBUG_INFORMATION_FORMAT = "dwarf-with-dsym";
				ENABLE_NS_ASSERTIONS = NO;
				ENABLE_STRICT_OBJC_MSGSEND = YES;
				GCC_C_LANGUAGE_STANDARD = gnu11;
				GCC_NO_COMMON_BLOCKS = YES;
				GCC_WARN_64_TO_32_BIT_CONVERSION = YES;
				GCC_WARN_ABOUT_RETURN_TYPE = YES_ERROR;
				GCC_WARN_UNDECLARED_SELECTOR = YES;
				GCC_WARN_UNINITIALIZED_AUTOS = YES_AGGRESSIVE;
				GCC_WARN_UNUSED_FUNCTION = YES;
				GCC_WARN_UNUSED_VARIABLE = YES;
				IPHONEOS_DEPLOYMENT_TARGET = 12.1;
				MTL_ENABLE_DEBUG_INFO = NO;
				MTL_FAST_MATH = YES;
				SDKROOT = iphoneos;
				SWIFT_COMPILATION_MODE = wholemodule;
				SWIFT_OPTIMIZATION_LEVEL = "-O";
				VALIDATE_PRODUCT = YES;
			};
			name = Release;
		};
		77BBB032231499C5006CB608 /* Debug */ = {
			isa = XCBuildConfiguration;
			baseConfigurationReference = 8F3BB2C9AD728C180310E8D3 /* Pods-Pickleball.debug.xcconfig */;
			buildSettings = {
				ASSETCATALOG_COMPILER_APPICON_NAME = AppIcon;
				ASSETCATALOG_COMPILER_LAUNCHIMAGE_NAME = LaunchImage;
				CODE_SIGN_ENTITLEMENTS = Pickleball/Pickleball.entitlements;
				CODE_SIGN_STYLE = Automatic;
				CURRENT_PROJECT_VERSION = 1;
				DEVELOPMENT_TEAM = UGU2X2N7R3;
				ENABLE_BITCODE = YES;
				INFOPLIST_FILE = Pickleball/Info.plist;
				LD_RUNPATH_SEARCH_PATHS = (
					"$(inherited)",
					"@executable_path/Frameworks",
				);
				MARKETING_VERSION = 1.92;
				PRODUCT_BUNDLE_IDENTIFIER = TRBoulder.Pickleball;
				PRODUCT_NAME = Pickleball;
				SWIFT_VERSION = 5.0;
				TARGETED_DEVICE_FAMILY = "1,2";
			};
			name = Debug;
		};
		77BBB033231499C5006CB608 /* Release */ = {
			isa = XCBuildConfiguration;
			baseConfigurationReference = 3347B652A33F2B40130F448A /* Pods-Pickleball.release.xcconfig */;
			buildSettings = {
				ASSETCATALOG_COMPILER_APPICON_NAME = AppIcon;
				ASSETCATALOG_COMPILER_LAUNCHIMAGE_NAME = LaunchImage;
				CODE_SIGN_ENTITLEMENTS = Pickleball/Pickleball.entitlements;
				CODE_SIGN_STYLE = Automatic;
				CURRENT_PROJECT_VERSION = 1;
				DEVELOPMENT_TEAM = UGU2X2N7R3;
				ENABLE_BITCODE = YES;
				INFOPLIST_FILE = Pickleball/Info.plist;
				LD_RUNPATH_SEARCH_PATHS = (
					"$(inherited)",
					"@executable_path/Frameworks",
				);
				MARKETING_VERSION = 1.92;
				PRODUCT_BUNDLE_IDENTIFIER = TRBoulder.Pickleball;
				PRODUCT_NAME = Pickleball;
				SWIFT_VERSION = 5.0;
				TARGETED_DEVICE_FAMILY = "1,2";
			};
			name = Release;
		};
/* End XCBuildConfiguration section */

/* Begin XCConfigurationList section */
		77BBB01A231499C3006CB608 /* Build configuration list for PBXProject "Pickleball Gamer" */ = {
			isa = XCConfigurationList;
			buildConfigurations = (
				77BBB02F231499C5006CB608 /* Debug */,
				77BBB030231499C5006CB608 /* Release */,
			);
			defaultConfigurationIsVisible = 0;
			defaultConfigurationName = Release;
		};
		77BBB031231499C5006CB608 /* Build configuration list for PBXNativeTarget "Pickleball" */ = {
			isa = XCConfigurationList;
			buildConfigurations = (
				77BBB032231499C5006CB608 /* Debug */,
				77BBB033231499C5006CB608 /* Release */,
			);
			defaultConfigurationIsVisible = 0;
			defaultConfigurationName = Release;
		};
/* End XCConfigurationList section */

/* Begin XCRemoteSwiftPackageReference section */
		7745A2E1247D7C6700FC1FBF /* XCRemoteSwiftPackageReference "facebook-ios-sdk" */ = {
			isa = XCRemoteSwiftPackageReference;
			repositoryURL = "https://github.com/facebook/facebook-ios-sdk";
			requirement = {
				kind = upToNextMajorVersion;
				minimumVersion = 7.0.0;
			};
		};
/* End XCRemoteSwiftPackageReference section */

/* Begin XCSwiftPackageProductDependency section */
		7745A2E2247D7C6700FC1FBF /* FacebookCore */ = {
			isa = XCSwiftPackageProductDependency;
			package = 7745A2E1247D7C6700FC1FBF /* XCRemoteSwiftPackageReference "facebook-ios-sdk" */;
			productName = FacebookCore;
		};
		7745A2E4247D7C6700FC1FBF /* FacebookLogin */ = {
			isa = XCSwiftPackageProductDependency;
			package = 7745A2E1247D7C6700FC1FBF /* XCRemoteSwiftPackageReference "facebook-ios-sdk" */;
			productName = FacebookLogin;
		};
		775DD31B247DECCE0068209A /* FacebookShare */ = {
			isa = XCSwiftPackageProductDependency;
			package = 7745A2E1247D7C6700FC1FBF /* XCRemoteSwiftPackageReference "facebook-ios-sdk" */;
			productName = FacebookShare;
		};
/* End XCSwiftPackageProductDependency section */
	};
	rootObject = 77BBB017231499C3006CB608 /* Project object */;
}
